
Microsoft Visual Studio Solution File, Format Version 12.00
# Visual Studio 15
VisualStudioVersion = 15.0.27703.2026
MinimumVisualStudioVersion = 10.0.40219.1
Project("{FAE04EC0-301F-11D3-BF4B-00C04F79EFBC}") = "InsightsFX", "InsightsFX\InsightsFX.csproj", "{ADFEDA05-4AED-431D-808B-7446809E9DD5}"
EndProject
Global
	GlobalSection(SolutionConfigurationPlatforms) = preSolution
		Debug|Any CPU = Debug|Any CPU
		Release|Any CPU = Release|Any CPU
	EndGlobalSection
	GlobalSection(ProjectConfigurationPlatforms) = postSolution
		{ADFEDA05-4AED-431D-808B-7446809E9DD5}.Debug|Any CPU.ActiveCfg = Debug|Any CPU
		{ADFEDA05-4AED-431D-808B-7446809E9DD5}.Debug|Any CPU.Build.0 = Debug|Any CPU
		{ADFEDA05-4AED-431D-808B-7446809E9DD5}.Release|Any CPU.ActiveCfg = Release|Any CPU
		{ADFEDA05-4AED-431D-808B-7446809E9DD5}.Release|Any CPU.Build.0 = Release|Any CPU
	EndGlobalSection
	GlobalSection(SolutionProperties) = preSolution
		HideSolutionNode = FALSE
	EndGlobalSection
	GlobalSection(ExtensibilityGlobals) = postSolution
		SolutionGuid = {FF5CFC30-F9E9-450C-80CC-52544969B105}
	EndGlobalSection
EndGlobal
